
Microsoft Visual Studio Solution File, Format Version 12.00
# Visual Studio Version 17
VisualStudioVersion = 17.11.35327.3
MinimumVisualStudioVersion = 10.0.40219.1
Project("{FAE04EC0-301F-11D3-BF4B-00C04F79EFBC}") = "WebBalzor", "WebBalzor\WebBalzor.csproj", "{81DCA497-B34E-4ADE-B823-68F3B03A27B2}"
EndProject
Global
	GlobalSection(SolutionConfigurationPlatforms) = preSolution
		Debug|Any CPU = Debug|Any CPU
		Release|Any CPU = Release|Any CPU
	EndGlobalSection
	GlobalSection(ProjectConfigurationPlatforms) = postSolution
		{81DCA497-B34E-4ADE-B823-68F3B03A27B2}.Debug|Any CPU.ActiveCfg = Debug|Any CPU
		{81DCA497-B34E-4ADE-B823-68F3B03A27B2}.Debug|Any CPU.Build.0 = Debug|Any CPU
		{81DCA497-B34E-4ADE-B823-68F3B03A27B2}.Release|Any CPU.ActiveCfg = Release|Any CPU
		{81DCA497-B34E-4ADE-B823-68F3B03A27B2}.Release|Any CPU.Build.0 = Release|Any CPU
	EndGlobalSection
	GlobalSection(SolutionProperties) = preSolution
		HideSolutionNode = FALSE
	EndGlobalSection
	GlobalSection(ExtensibilityGlobals) = postSolution
		SolutionGuid = {2E8EA902-405E-4817-9AD2-D3BCABFC68EF}
	EndGlobalSection
EndGlobal
